{
    "name": "sumari",
    "version": "1.0.0",
    "lockfileVersion": 2,
    "requires": true,
    "packages": {
        "": {
            "name": "sumari",
            "version": "1.0.0",
            "license": "MIT",
            "engines": {
                "node": ">= 6.0.0",
                "npm": ">= 3.0.0",
                "yarn": "^0.13.0"
            }
        }
    }
}
